<?xml version="1.0" encoding="UTF-8"?>
<CONFIG>
  <ProjectOptions>
    <Version Value="9"/>
    <General>
      <MainUnit Value="0"/>
      <Title Value="TestIRBACS32"/>
      <ResourceType Value="res"/>
      <UseXPManifest Value="True"/>
      <Icon Value="0"/>
      <ActiveWindowIndexAtStart Value="0"/>
    </General>
    <i18n>
      <EnableI18N LFM="False"/>
    </i18n>
    <VersionInfo>
      <StringTable ProductVersion=""/>
    </VersionInfo>
    <BuildModes Count="1" Active="Default">
      <Item1 Name="Default" Default="True"/>
    </BuildModes>
    <PublishOptions>
      <Version Value="2"/>
      <IncludeFileFilter Value="*.(pas|pp|inc|lfm|lpr|lrs|lpi|lpk|sh|xml)"/>
      <ExcludeFileFilter Value="*.(bak|ppu|o|so);*~;backup"/>
    </PublishOptions>
    <RunParams>
      <local>
        <FormatVersion Value="1"/>
      </local>
    </RunParams>
    <RequiredPackages Count="1">
      <Item1>
        <PackageName Value="LCL"/>
      </Item1>
    </RequiredPackages>
    <Units Count="11">
      <Unit0>
        <Filename Value="testirbacs32.lpr"/>
        <IsPartOfProject Value="True"/>
        <UnitName Value="TestIRBACS32"/>
        <EditorIndex Value="0"/>
        <WindowIndex Value="0"/>
        <TopLine Value="1"/>
        <CursorPos X="34" Y="19"/>
        <UsageCount Value="208"/>
        <Loaded Value="True"/>
      </Unit0>
      <Unit1>
        <Filename Value="dtestirbacs.pas"/>
        <ComponentName Value="frmTestLib"/>
        <HasResources Value="True"/>
        <ResourceBaseClass Value="Form"/>
        <UnitName Value="dTestIrbAcs"/>
        <WindowIndex Value="0"/>
        <TopLine Value="103"/>
        <CursorPos X="23" Y="126"/>
        <UsageCount Value="35"/>
        <Bookmarks Count="3">
          <Item0 X="35" Y="161" ID="7"/>
          <Item1 X="7" Y="538" ID="1"/>
          <Item2 X="9" Y="171" ID="2"/>
        </Bookmarks>
      </Unit1>
      <Unit2>
        <Filename Value="ldirbacs2.pas"/>
        <UnitName Value="ldirbacs2"/>
        <WindowIndex Value="0"/>
        <TopLine Value="8"/>
        <CursorPos X="138" Y="68"/>
        <UsageCount Value="24"/>
      </Unit2>
      <Unit3>
        <Filename Value="../fileintf/ldirbacs2.pas"/>
        <UnitName Value="ldirbacs2"/>
        <UsageCount Value="12"/>
      </Unit3>
      <Unit4>
        <Filename Value="../ldirbacs2.pp"/>
        <IsPartOfProject Value="True"/>
        <UnitName Value="ldirbacs2"/>
        <WindowIndex Value="0"/>
        <TopLine Value="65"/>
        <CursorPos X="52" Y="65"/>
        <UsageCount Value="178"/>
      </Unit4>
      <Unit5>
        <Filename Value="../dtestirbacs.pp"/>
        <IsPartOfProject Value="True"/>
        <ComponentName Value="frmTestLib"/>
        <HasResources Value="True"/>
        <ResourceBaseClass Value="Form"/>
        <UnitName Value="dTestIrbAcs"/>
        <IsVisibleTab Value="True"/>
        <EditorIndex Value="1"/>
        <WindowIndex Value="0"/>
        <TopLine Value="210"/>
        <CursorPos X="79" Y="220"/>
        <UsageCount Value="178"/>
        <Bookmarks Count="1">
          <Item0 X="20" Y="649" ID="1"/>
        </Bookmarks>
        <Loaded Value="True"/>
        <LoadedDesigner Value="True"/>
      </Unit5>
      <Unit6>
        <Filename Value="../../../../Lazarus/allg_Tools/irbacs_dll/irbacs_w32.lpr"/>
        <UnitName Value="irbacs_w32"/>
        <WindowIndex Value="0"/>
        <TopLine Value="579"/>
        <CursorPos X="1" Y="601"/>
        <UsageCount Value="76"/>
      </Unit6>
      <Unit7>
        <Filename Value="../../../../Lazarus/allg_Tools/fileintf/oirbaccess.pp"/>
        <UnitName Value="oIRBAccess"/>
        <WindowIndex Value="0"/>
        <TopLine Value="1"/>
        <CursorPos X="1" Y="1"/>
        <UsageCount Value="76"/>
      </Unit7>
      <Unit8>
        <Filename Value="../../../../Lazarus/allg_Tools/fileintf/hirbfilex.pp"/>
        <UnitName Value="hIRBFilEx"/>
        <WindowIndex Value="0"/>
        <TopLine Value="64"/>
        <CursorPos X="1" Y="125"/>
        <UsageCount Value="76"/>
      </Unit8>
      <Unit9>
        <Filename Value="C:/codetyphon/typhon/lcl/forms.pp"/>
        <UnitName Value="Forms"/>
        <WindowIndex Value="0"/>
        <TopLine Value="42"/>
        <CursorPos X="35" Y="64"/>
        <UsageCount Value="10"/>
      </Unit9>
      <Unit10>
        <Filename Value="../../../irbacsfunctions.pp"/>
        <UnitName Value="irbacsfunctions"/>
        <WindowIndex Value="0"/>
        <TopLine Value="1"/>
        <CursorPos X="19" Y="7"/>
        <UsageCount Value="10"/>
      </Unit10>
    </Units>
    <JumpHistory Count="29" HistoryIndex="28">
      <Position1>
        <Filename Value="../dtestirbacs.pp"/>
        <Caret Line="65" Column="46" TopLine="44"/>
      </Position1>
      <Position2>
        <Filename Value="../dtestirbacs.pp"/>
        <Caret Line="248" Column="16" TopLine="226"/>
      </Position2>
      <Position3>
        <Filename Value="../dtestirbacs.pp"/>
        <Caret Line="185" Column="118" TopLine="173"/>
      </Position3>
      <Position4>
        <Filename Value="../dtestirbacs.pp"/>
        <Caret Line="178" Column="3" TopLine="163"/>
      </Position4>
      <Position5>
        <Filename Value="../dtestirbacs.pp"/>
        <Caret Line="743" Column="78" TopLine="730"/>
      </Position5>
      <Position6>
        <Filename Value="../dtestirbacs.pp"/>
        <Caret Line="250" Column="18" TopLine="218"/>
      </Position6>
      <Position7>
        <Filename Value="../dtestirbacs.pp"/>
        <Caret Line="234" Column="41" TopLine="217"/>
      </Position7>
      <Position8>
        <Filename Value="../dtestirbacs.pp"/>
        <Caret Line="233" Column="41" TopLine="216"/>
      </Position8>
      <Position9>
        <Filename Value="../dtestirbacs.pp"/>
        <Caret Line="234" Column="41" TopLine="217"/>
      </Position9>
      <Position10>
        <Filename Value="../dtestirbacs.pp"/>
        <Caret Line="233" Column="41" TopLine="216"/>
      </Position10>
      <Position11>
        <Filename Value="../dtestirbacs.pp"/>
        <Caret Line="172" Column="46" TopLine="134"/>
      </Position11>
      <Position12>
        <Filename Value="../dtestirbacs.pp"/>
        <Caret Line="150" Column="46" TopLine="134"/>
      </Position12>
      <Position13>
        <Filename Value="../dtestirbacs.pp"/>
        <Caret Line="300" Column="1" TopLine="272"/>
      </Position13>
      <Position14>
        <Filename Value="../dtestirbacs.pp"/>
        <Caret Line="317" Column="1" TopLine="295"/>
      </Position14>
      <Position15>
        <Filename Value="../dtestirbacs.pp"/>
        <Caret Line="318" Column="1" TopLine="295"/>
      </Position15>
      <Position16>
        <Filename Value="../dtestirbacs.pp"/>
        <Caret Line="320" Column="1" TopLine="295"/>
      </Position16>
      <Position17>
        <Filename Value="../dtestirbacs.pp"/>
        <Caret Line="321" Column="1" TopLine="295"/>
      </Position17>
      <Position18>
        <Filename Value="../dtestirbacs.pp"/>
        <Caret Line="322" Column="1" TopLine="295"/>
      </Position18>
      <Position19>
        <Filename Value="../dtestirbacs.pp"/>
        <Caret Line="323" Column="1" TopLine="295"/>
      </Position19>
      <Position20>
        <Filename Value="../dtestirbacs.pp"/>
        <Caret Line="325" Column="1" TopLine="295"/>
      </Position20>
      <Position21>
        <Filename Value="../dtestirbacs.pp"/>
        <Caret Line="326" Column="1" TopLine="295"/>
      </Position21>
      <Position22>
        <Filename Value="../dtestirbacs.pp"/>
        <Caret Line="327" Column="1" TopLine="295"/>
      </Position22>
      <Position23>
        <Filename Value="../dtestirbacs.pp"/>
        <Caret Line="328" Column="1" TopLine="295"/>
      </Position23>
      <Position24>
        <Filename Value="../dtestirbacs.pp"/>
        <Caret Line="329" Column="1" TopLine="295"/>
      </Position24>
      <Position25>
        <Filename Value="../dtestirbacs.pp"/>
        <Caret Line="330" Column="1" TopLine="295"/>
      </Position25>
      <Position26>
        <Filename Value="../dtestirbacs.pp"/>
        <Caret Line="331" Column="1" TopLine="295"/>
      </Position26>
      <Position27>
        <Filename Value="../dtestirbacs.pp"/>
        <Caret Line="332" Column="1" TopLine="295"/>
      </Position27>
      <Position28>
        <Filename Value="../dtestirbacs.pp"/>
        <Caret Line="311" Column="42" TopLine="293"/>
      </Position28>
      <Position29>
        <Filename Value="../dtestirbacs.pp"/>
        <Caret Line="834" Column="13" TopLine="803"/>
      </Position29>
    </JumpHistory>
  </ProjectOptions>
  <CompilerOptions>
    <Version Value="11"/>
    <Target>
      <Filename Value="../../Win32/TestIRBACS32"/>
    </Target>
    <SearchPaths>
      <IncludeFiles Value="$(ProjOutDir)"/>
      <OtherUnitFiles Value=".."/>
      <UnitOutputDirectory Value="lib/$(TargetCPU)-$(TargetOS)"/>
    </SearchPaths>
    <Parsing>
      <SyntaxOptions>
        <CStyleOperator Value="False"/>
        <CPPInline Value="False"/>
      </SyntaxOptions>
    </Parsing>
    <CodeGeneration>
      <TargetCPU Value="i386"/>
      <TargetOS Value="win32"/>
      <Optimizations>
        <OptimizationLevel Value="0"/>
      </Optimizations>
    </CodeGeneration>
    <Linking>
      <Debugging>
        <UseExternalDbgSyms Value="True"/>
      </Debugging>
      <Options>
        <Win32>
          <GraphicApplication Value="True"/>
        </Win32>
      </Options>
    </Linking>
    <Other>
      <CompilerMessages>
        <UseMsgFile Value="True"/>
      </CompilerMessages>
      <CompilerPath Value="$(CompPath)"/>
    </Other>
  </CompilerOptions>
  <Debugging>
    <BreakPoints Count="8">
      <Item1>
        <Kind Value="bpkSource"/>
        <WatchScope Value="wpsGlobal"/>
        <WatchKind Value="wpkWrite"/>
        <Source Value="../libtest/dtestlib.pas"/>
        <Line Value="96"/>
      </Item1>
      <Item2>
        <Kind Value="bpkSource"/>
        <WatchScope Value="wpsGlobal"/>
        <WatchKind Value="wpkWrite"/>
        <Source Value="../libtest/dtestlib.pas"/>
        <Line Value="286"/>
      </Item2>
      <Item3>
        <Kind Value="bpkSource"/>
        <WatchScope Value="wpsGlobal"/>
        <WatchKind Value="wpkWrite"/>
        <Source Value="../libtest/ldtestlib.pas"/>
        <Line Value="112"/>
      </Item3>
      <Item4>
        <Kind Value="bpkSource"/>
        <WatchScope Value="wpsLocal"/>
        <WatchKind Value="wpkWrite"/>
        <Source Value="ldirbacs64.pas"/>
        <Line Value="111"/>
      </Item4>
      <Item5>
        <Kind Value="bpkSource"/>
        <WatchScope Value="wpsLocal"/>
        <WatchKind Value="wpkWrite"/>
        <Source Value="ldirbacs64.pas"/>
        <Line Value="127"/>
      </Item5>
      <Item6>
        <Kind Value="bpkSource"/>
        <WatchScope Value="wpsLocal"/>
        <WatchKind Value="wpkWrite"/>
        <Source Value="C:/codetyphon/fpcsrc/rtl/win/dynlibs.inc"/>
        <Line Value="45"/>
      </Item6>
      <Item7>
        <Kind Value="bpkSource"/>
        <WatchScope Value="wpsLocal"/>
        <WatchKind Value="wpkWrite"/>
        <Source Value="C:/codetyphon/fpcsrc/rtl/inc/dynlibs.pas"/>
        <Line Value="92"/>
      </Item7>
      <Item8>
        <Kind Value="bpkSource"/>
        <WatchScope Value="wpsLocal"/>
        <WatchKind Value="wpkWrite"/>
        <Source Value="dtestirbacs.pp"/>
        <Line Value="427"/>
      </Item8>
    </BreakPoints>
    <Watches Count="8">
      <Item1>
        <Expression Value="FLibHandle"/>
      </Item1>
      <Item2>
        <Expression Value="_testxxx"/>
      </Item2>
      <Item3>
        <Expression Value="aIRB"/>
      </Item3>
      <Item4>
        <Expression Value="indexcount"/>
      </Item4>
      <Item5>
        <Expression Value="_irbacs64_convertPixelToKelvin"/>
      </Item5>
      <Item6>
        <Expression Value=" aBmp.Canvas.Pixels[x, y]"/>
      </Item6>
      <Item7 ClassAutoCast="True">
        <Expression Value="aBmp.Width"/>
      </Item7>
      <Item8>
        <Expression Value="TIRBImageData101(PByte(pSrc)^)"/>
      </Item8>
    </Watches>
    <Exceptions Count="4">
      <Item1>
        <Name Value="EAbort"/>
      </Item1>
      <Item2>
        <Name Value="ECodetoolError"/>
      </Item2>
      <Item3>
        <Name Value="EFOpenError"/>
      </Item3>
      <Item4>
        <Name Value="ERangeError"/>
      </Item4>
    </Exceptions>
  </Debugging>
  <EditorMacros Count="0"/>
</CONFIG>
