<?xml version="1.0" encoding="UTF-8"?>
<CONFIG>
  <ProjectOptions>
    <Version Value="9"/>
    <General>
      <MainUnit Value="0"/>
      <Title Value="TestIRBACS64"/>
      <ResourceType Value="res"/>
      <UseXPManifest Value="True"/>
      <Icon Value="0"/>
      <ActiveWindowIndexAtStart Value="0"/>
    </General>
    <i18n>
      <EnableI18N LFM="False"/>
    </i18n>
    <VersionInfo>
      <StringTable ProductVersion=""/>
    </VersionInfo>
    <BuildModes Count="1" Active="Default">
      <Item1 Name="Default" Default="True"/>
    </BuildModes>
    <PublishOptions>
      <Version Value="2"/>
      <IncludeFileFilter Value="*.(pas|pp|inc|lfm|lpr|lrs|lpi|lpk|sh|xml)"/>
      <ExcludeFileFilter Value="*.(bak|ppu|o|so);*~;backup"/>
    </PublishOptions>
    <RunParams>
      <local>
        <FormatVersion Value="1"/>
      </local>
    </RunParams>
    <RequiredPackages Count="1">
      <Item1>
        <PackageName Value="LCL"/>
      </Item1>
    </RequiredPackages>
    <Units Count="27">
      <Unit0>
        <Filename Value="testirbacs64.lpr"/>
        <IsPartOfProject Value="True"/>
        <UnitName Value="TestIRBACS64"/>
        <EditorIndex Value="0"/>
        <WindowIndex Value="0"/>
        <TopLine Value="1"/>
        <CursorPos X="1" Y="18"/>
        <UsageCount Value="130"/>
        <Loaded Value="True"/>
      </Unit0>
      <Unit1>
        <Filename Value="dtestirbacs.pas"/>
        <ComponentName Value="frmTestLib"/>
        <HasResources Value="True"/>
        <ResourceBaseClass Value="Form"/>
        <UnitName Value="dTestIrbAcs"/>
        <WindowIndex Value="0"/>
        <TopLine Value="577"/>
        <CursorPos X="59" Y="589"/>
        <UsageCount Value="61"/>
        <Bookmarks Count="1">
          <Item0 X="35" Y="179" ID="7"/>
        </Bookmarks>
      </Unit1>
      <Unit2>
        <Filename Value="../libtest/libtest.lpr"/>
        <UnitName Value="libtest"/>
        <WindowIndex Value="0"/>
        <TopLine Value="950"/>
        <CursorPos X="1" Y="1095"/>
        <UsageCount Value="10"/>
      </Unit2>
      <Unit3>
        <Filename Value="/usr/lib/lazarus/0.9.30.4/lcl/include/control.inc"/>
        <WindowIndex Value="0"/>
        <TopLine Value="2251"/>
        <CursorPos X="32" Y="2162"/>
        <UsageCount Value="10"/>
      </Unit3>
      <Unit4>
        <Filename Value="ldirbacs64.pas"/>
        <UnitName Value="ldIRBAcs64"/>
        <WindowIndex Value="0"/>
        <TopLine Value="37"/>
        <CursorPos X="86" Y="56"/>
        <UsageCount Value="35"/>
      </Unit4>
      <Unit5>
        <Filename Value="/media/alxr/D04D-1B7F/irbacs64/IRBACS_DLL/Lazarus64/ldirbacs64.pas"/>
        <UnitName Value="ldIrbacs64"/>
        <WindowIndex Value="0"/>
        <TopLine Value="94"/>
        <CursorPos X="113" Y="119"/>
        <UsageCount Value="7"/>
      </Unit5>
      <Unit6>
        <Filename Value="/media/alxr/D04D-1B7F/irbacs64/IRBACS_DLL/Lazarus64/dMain.pas"/>
        <ComponentName Value="frmIRBACS"/>
        <HasResources Value="True"/>
        <ResourceBaseClass Value="Form"/>
        <UnitName Value="dMain"/>
        <WindowIndex Value="0"/>
        <TopLine Value="148"/>
        <CursorPos X="18" Y="161"/>
        <UsageCount Value="7"/>
      </Unit6>
      <Unit7>
        <Filename Value="/usr/lib/lazarus/0.9.30.4/lcl/dialogs.pp"/>
        <UnitName Value="Dialogs"/>
        <WindowIndex Value="0"/>
        <TopLine Value="98"/>
        <CursorPos X="35" Y="110"/>
        <UsageCount Value="10"/>
      </Unit7>
      <Unit8>
        <Filename Value="/usr/share/fpcsrc/2.6.0/rtl/objpas/sysutils/syspchh.inc"/>
        <WindowIndex Value="0"/>
        <TopLine Value="26"/>
        <CursorPos X="10" Y="45"/>
        <UsageCount Value="10"/>
      </Unit8>
      <Unit9>
        <Filename Value="/usr/lib/lazarus/0.9.30.4/lcl/include/toolbutton.inc"/>
        <WindowIndex Value="0"/>
        <TopLine Value="127"/>
        <CursorPos X="1" Y="140"/>
        <UsageCount Value="10"/>
      </Unit9>
      <Unit10>
        <Filename Value="../libtest/oirbaccess.pas"/>
        <UnitName Value="oIRBAccess"/>
        <WindowIndex Value="0"/>
        <TopLine Value="1"/>
        <CursorPos X="26" Y="7"/>
        <UsageCount Value="10"/>
      </Unit10>
      <Unit11>
        <Filename Value="/usr/share/fpcsrc/2.6.0/rtl/objpas/objpas.pp"/>
        <UnitName Value="objpas"/>
        <WindowIndex Value="0"/>
        <TopLine Value="13"/>
        <CursorPos X="31" Y="29"/>
        <UsageCount Value="8"/>
      </Unit11>
      <Unit12>
        <Filename Value="../libtest/hirbfil.pas"/>
        <UnitName Value="hIRBFil"/>
        <WindowIndex Value="0"/>
        <TopLine Value="479"/>
        <CursorPos X="15" Y="508"/>
        <UsageCount Value="7"/>
      </Unit12>
      <Unit13>
        <Filename Value="C:/lazarus/components/lazutils/lazloggerbase.pas"/>
        <UnitName Value="LazLoggerBase"/>
        <WindowIndex Value="0"/>
        <TopLine Value="622"/>
        <CursorPos X="54" Y="642"/>
        <UsageCount Value="4"/>
      </Unit13>
      <Unit14>
        <Filename Value="ldirbacs2.pas"/>
        <UnitName Value="ldirbacs2"/>
        <WindowIndex Value="0"/>
        <TopLine Value="16"/>
        <CursorPos X="75" Y="33"/>
        <UsageCount Value="4"/>
      </Unit14>
      <Unit15>
        <Filename Value="hirbfil.pas"/>
        <UnitName Value="hIRBFil"/>
        <WindowIndex Value="0"/>
        <TopLine Value="497"/>
        <CursorPos X="25" Y="506"/>
        <UsageCount Value="33"/>
      </Unit15>
      <Unit16>
        <Filename Value="irbacs_w64.lpr"/>
        <UnitName Value="irbacs_w64"/>
        <WindowIndex Value="0"/>
        <TopLine Value="599"/>
        <CursorPos X="56" Y="621"/>
        <UsageCount Value="33"/>
      </Unit16>
      <Unit17>
        <Filename Value="oirbaccess.pas"/>
        <UnitName Value="oIRBAccess"/>
        <WindowIndex Value="0"/>
        <TopLine Value="1520"/>
        <CursorPos X="1" Y="1526"/>
        <UsageCount Value="4"/>
      </Unit17>
      <Unit18>
        <Filename Value="C:/codetyphon/typhon/components/lazutils/lazutf8sysutils.pas"/>
        <UnitName Value="lazutf8sysutils"/>
        <WindowIndex Value="0"/>
        <TopLine Value="14"/>
        <CursorPos X="35" Y="29"/>
        <UsageCount Value="4"/>
      </Unit18>
      <Unit19>
        <Filename Value="../fileintf/ldirbacs2.pas"/>
        <UnitName Value="ldirbacs2"/>
        <WindowIndex Value="0"/>
        <TopLine Value="15"/>
        <CursorPos X="72" Y="33"/>
        <UsageCount Value="33"/>
      </Unit19>
      <Unit20>
        <Filename Value="../fileintf/oirbaccess.pas"/>
        <UnitName Value="oIRBAccess"/>
        <WindowIndex Value="0"/>
        <TopLine Value="628"/>
        <CursorPos X="23" Y="650"/>
        <UsageCount Value="6"/>
      </Unit20>
      <Unit21>
        <Filename Value="dtestirbacs.pp"/>
        <ComponentName Value="frmTestLib"/>
        <HasResources Value="True"/>
        <ResourceBaseClass Value="Form"/>
        <UnitName Value="dTestIrbAcs"/>
        <WindowIndex Value="0"/>
        <TopLine Value="743"/>
        <CursorPos X="65" Y="768"/>
        <UsageCount Value="11"/>
        <Bookmarks Count="2">
          <Item0 X="41" Y="491" ID="2"/>
          <Item1 X="27" Y="767" ID="1"/>
        </Bookmarks>
      </Unit21>
      <Unit22>
        <Filename Value="ldirbacs2.pp"/>
        <UnitName Value="ldirbacs2"/>
        <WindowIndex Value="0"/>
        <TopLine Value="106"/>
        <CursorPos X="49" Y="14"/>
        <UsageCount Value="11"/>
      </Unit22>
      <Unit23>
        <Filename Value="C:/codetyphon/fpcsrc/rtl/inc/systemh.inc"/>
        <WindowIndex Value="0"/>
        <TopLine Value="313"/>
        <CursorPos X="79" Y="316"/>
        <UsageCount Value="4"/>
      </Unit23>
      <Unit24>
        <Filename Value="../../Win32/Delphi/dtestirbacs.pp"/>
        <ComponentName Value="frmTestLib"/>
        <HasResources Value="True"/>
        <ResourceBaseClass Value="Form"/>
        <UnitName Value="dTestIrbAcs"/>
        <WindowIndex Value="0"/>
        <TopLine Value="1"/>
        <CursorPos X="1" Y="1"/>
        <UsageCount Value="5"/>
      </Unit24>
      <Unit25>
        <Filename Value="../ldirbacs2.pp"/>
        <IsPartOfProject Value="True"/>
        <UnitName Value="ldirbacs2"/>
        <EditorIndex Value="1"/>
        <WindowIndex Value="0"/>
        <TopLine Value="24"/>
        <CursorPos X="46" Y="36"/>
        <UsageCount Value="84"/>
        <Loaded Value="True"/>
      </Unit25>
      <Unit26>
        <Filename Value="../dtestirbacs.pp"/>
        <IsPartOfProject Value="True"/>
        <ComponentName Value="frmTestLib"/>
        <HasResources Value="True"/>
        <ResourceBaseClass Value="Form"/>
        <UnitName Value="dTestIrbAcs"/>
        <IsVisibleTab Value="True"/>
        <EditorIndex Value="2"/>
        <WindowIndex Value="0"/>
        <TopLine Value="151"/>
        <CursorPos X="70" Y="161"/>
        <UsageCount Value="84"/>
        <Bookmarks Count="3">
          <Item0 X="54" Y="245" ID="2"/>
          <Item1 X="19" Y="619" ID="1"/>
          <Item2 X="54" Y="294" ID="3"/>
        </Bookmarks>
        <Loaded Value="True"/>
        <LoadedDesigner Value="True"/>
      </Unit26>
    </Units>
    <JumpHistory Count="30" HistoryIndex="29">
      <Position1>
        <Filename Value="../dtestirbacs.pp"/>
        <Caret Line="794" Column="1" TopLine="772"/>
      </Position1>
      <Position2>
        <Filename Value="../dtestirbacs.pp"/>
        <Caret Line="795" Column="1" TopLine="772"/>
      </Position2>
      <Position3>
        <Filename Value="../dtestirbacs.pp"/>
        <Caret Line="797" Column="1" TopLine="772"/>
      </Position3>
      <Position4>
        <Filename Value="../dtestirbacs.pp"/>
        <Caret Line="799" Column="1" TopLine="772"/>
      </Position4>
      <Position5>
        <Filename Value="../dtestirbacs.pp"/>
        <Caret Line="764" Column="1" TopLine="748"/>
      </Position5>
      <Position6>
        <Filename Value="../dtestirbacs.pp"/>
        <Caret Line="765" Column="1" TopLine="748"/>
      </Position6>
      <Position7>
        <Filename Value="../dtestirbacs.pp"/>
        <Caret Line="766" Column="1" TopLine="748"/>
      </Position7>
      <Position8>
        <Filename Value="../dtestirbacs.pp"/>
        <Caret Line="767" Column="1" TopLine="748"/>
      </Position8>
      <Position9>
        <Filename Value="../dtestirbacs.pp"/>
        <Caret Line="768" Column="1" TopLine="754"/>
      </Position9>
      <Position10>
        <Filename Value="../dtestirbacs.pp"/>
        <Caret Line="769" Column="1" TopLine="754"/>
      </Position10>
      <Position11>
        <Filename Value="../dtestirbacs.pp"/>
        <Caret Line="770" Column="1" TopLine="754"/>
      </Position11>
      <Position12>
        <Filename Value="../dtestirbacs.pp"/>
        <Caret Line="789" Column="1" TopLine="763"/>
      </Position12>
      <Position13>
        <Filename Value="../dtestirbacs.pp"/>
        <Caret Line="790" Column="1" TopLine="763"/>
      </Position13>
      <Position14>
        <Filename Value="../dtestirbacs.pp"/>
        <Caret Line="789" Column="18" TopLine="763"/>
      </Position14>
      <Position15>
        <Filename Value="../dtestirbacs.pp"/>
        <Caret Line="795" Column="1" TopLine="763"/>
      </Position15>
      <Position16>
        <Filename Value="../dtestirbacs.pp"/>
        <Caret Line="797" Column="1" TopLine="763"/>
      </Position16>
      <Position17>
        <Filename Value="../dtestirbacs.pp"/>
        <Caret Line="799" Column="1" TopLine="763"/>
      </Position17>
      <Position18>
        <Filename Value="../dtestirbacs.pp"/>
        <Caret Line="800" Column="1" TopLine="763"/>
      </Position18>
      <Position19>
        <Filename Value="../dtestirbacs.pp"/>
        <Caret Line="801" Column="1" TopLine="763"/>
      </Position19>
      <Position20>
        <Filename Value="../dtestirbacs.pp"/>
        <Caret Line="800" Column="15" TopLine="763"/>
      </Position20>
      <Position21>
        <Filename Value="../dtestirbacs.pp"/>
        <Caret Line="764" Column="1" TopLine="756"/>
      </Position21>
      <Position22>
        <Filename Value="../dtestirbacs.pp"/>
        <Caret Line="729" Column="42" TopLine="713"/>
      </Position22>
      <Position23>
        <Filename Value="../dtestirbacs.pp"/>
        <Caret Line="636" Column="55" TopLine="619"/>
      </Position23>
      <Position24>
        <Filename Value="../dtestirbacs.pp"/>
        <Caret Line="414" Column="1" TopLine="391"/>
      </Position24>
      <Position25>
        <Filename Value="../dtestirbacs.pp"/>
        <Caret Line="751" Column="41" TopLine="731"/>
      </Position25>
      <Position26>
        <Filename Value="../dtestirbacs.pp"/>
        <Caret Line="235" Column="36" TopLine="225"/>
      </Position26>
      <Position27>
        <Filename Value="../dtestirbacs.pp"/>
        <Caret Line="259" Column="41" TopLine="234"/>
      </Position27>
      <Position28>
        <Filename Value="../dtestirbacs.pp"/>
        <Caret Line="180" Column="44" TopLine="142"/>
      </Position28>
      <Position29>
        <Filename Value="../dtestirbacs.pp"/>
        <Caret Line="435" Column="23" TopLine="405"/>
      </Position29>
      <Position30>
        <Filename Value="../dtestirbacs.pp"/>
        <Caret Line="495" Column="101" TopLine="471"/>
      </Position30>
    </JumpHistory>
  </ProjectOptions>
  <CompilerOptions>
    <Version Value="11"/>
    <Target>
      <Filename Value="../../Win64/TestIRBACS64"/>
    </Target>
    <SearchPaths>
      <IncludeFiles Value="$(ProjOutDir)"/>
      <OtherUnitFiles Value=".."/>
      <UnitOutputDirectory Value="lib/$(TargetCPU)-$(TargetOS)"/>
    </SearchPaths>
    <Parsing>
      <SyntaxOptions>
        <CStyleOperator Value="False"/>
        <CPPInline Value="False"/>
      </SyntaxOptions>
    </Parsing>
    <CodeGeneration>
      <VerifyObjMethodCallValidity Value="True"/>
      <TargetCPU Value="x86_64"/>
      <TargetOS Value="win64"/>
      <Optimizations>
        <OptimizationLevel Value="0"/>
      </Optimizations>
    </CodeGeneration>
    <Linking>
      <Debugging>
        <UseExternalDbgSyms Value="True"/>
      </Debugging>
      <Options>
        <Win32>
          <GraphicApplication Value="True"/>
        </Win32>
      </Options>
    </Linking>
    <Other>
      <CompilerMessages>
        <UseMsgFile Value="True"/>
      </CompilerMessages>
      <CompilerPath Value="$(CompPath)"/>
    </Other>
  </CompilerOptions>
  <Debugging>
    <BreakPoints Count="3">
      <Item1>
        <Kind Value="bpkSource"/>
        <WatchScope Value="wpsGlobal"/>
        <WatchKind Value="wpkWrite"/>
        <Source Value="../libtest/dtestlib.pas"/>
        <Line Value="96"/>
      </Item1>
      <Item2>
        <Kind Value="bpkSource"/>
        <WatchScope Value="wpsGlobal"/>
        <WatchKind Value="wpkWrite"/>
        <Source Value="../libtest/dtestlib.pas"/>
        <Line Value="286"/>
      </Item2>
      <Item3>
        <Kind Value="bpkSource"/>
        <WatchScope Value="wpsGlobal"/>
        <WatchKind Value="wpkWrite"/>
        <Source Value="../libtest/ldtestlib.pas"/>
        <Line Value="112"/>
      </Item3>
    </BreakPoints>
    <Watches Count="5">
      <Item1>
        <Expression Value="FLibHandle"/>
      </Item1>
      <Item2>
        <Expression Value="_testxxx"/>
      </Item2>
      <Item3>
        <Expression Value="pSi^"/>
      </Item3>
      <Item4>
        <Expression Value="maxval"/>
      </Item4>
      <Item5>
        <Expression Value="MinVal"/>
      </Item5>
    </Watches>
    <Exceptions Count="4">
      <Item1>
        <Name Value="EAbort"/>
      </Item1>
      <Item2>
        <Name Value="ECodetoolError"/>
      </Item2>
      <Item3>
        <Name Value="EFOpenError"/>
      </Item3>
      <Item4>
        <Name Value="ERangeError"/>
      </Item4>
    </Exceptions>
  </Debugging>
  <EditorMacros Count="0"/>
</CONFIG>
